
Microsoft Visual Studio Solution File, Format Version 12.00
# Visual Studio Version 17
VisualStudioVersion = 17.7.34031.279
MinimumVisualStudioVersion = 10.0.40219.1
Project("{FAE04EC0-301F-11D3-BF4B-00C04F79EFBC}") = "SearchTour", "SearchTour\SearchTour.csproj", "{FD96D1AC-BD6E-4FDA-8ACF-69A84EA8F414}"
EndProject
Global
	GlobalSection(SolutionConfigurationPlatforms) = preSolution
		Debug|Any CPU = Debug|Any CPU
		Release|Any CPU = Release|Any CPU
	EndGlobalSection
	GlobalSection(ProjectConfigurationPlatforms) = postSolution
		{FD96D1AC-BD6E-4FDA-8ACF-69A84EA8F414}.Debug|Any CPU.ActiveCfg = Debug|Any CPU
		{FD96D1AC-BD6E-4FDA-8ACF-69A84EA8F414}.Debug|Any CPU.Build.0 = Debug|Any CPU
		{FD96D1AC-BD6E-4FDA-8ACF-69A84EA8F414}.Release|Any CPU.ActiveCfg = Release|Any CPU
		{FD96D1AC-BD6E-4FDA-8ACF-69A84EA8F414}.Release|Any CPU.Build.0 = Release|Any CPU
	EndGlobalSection
	GlobalSection(SolutionProperties) = preSolution
		HideSolutionNode = FALSE
	EndGlobalSection
	GlobalSection(ExtensibilityGlobals) = postSolution
		SolutionGuid = {30AB1809-CD20-45E9-A8C6-05185D3F32AA}
	EndGlobalSection
EndGlobal
